
Microsoft Visual Studio Solution File, Format Version 12.00
# Visual Studio Version 17
VisualStudioVersion = 17.1.32228.430
MinimumVisualStudioVersion = 10.0.40219.1
Project("{2150E333-8FDC-42A3-9474-1A3956D46DE8}") = "src", "src", "{74714AE7-173A-4C25-9198-919A9E45C3C4}"
EndProject
Project("{2150E333-8FDC-42A3-9474-1A3956D46DE8}") = "Services", "Services", "{B3C7DFD5-62A6-40E9-A267-078AC8B25035}"
EndProject
Project("{2150E333-8FDC-42A3-9474-1A3956D46DE8}") = "Security", "Security", "{545EFA5B-7363-4621-A46C-0AB2210027F6}"
EndProject
Project("{2150E333-8FDC-42A3-9474-1A3956D46DE8}") = "Catalogue", "Catalogue", "{6E842377-2502-42EC-B9DF-D9E11C868DC3}"
EndProject
Project("{2150E333-8FDC-42A3-9474-1A3956D46DE8}") = "Basket", "Basket", "{E96DD423-4C45-4540-91FD-97ED1584B720}"
EndProject
Project("{2150E333-8FDC-42A3-9474-1A3956D46DE8}") = "Order", "Order", "{BC12CFC3-CAA3-462D-8167-E4138CB7C147}"
EndProject
Project("{2150E333-8FDC-42A3-9474-1A3956D46DE8}") = "Domain", "Domain", "{2D198B63-8BAA-441F-A284-6561288A3499}"
EndProject
Project("{2150E333-8FDC-42A3-9474-1A3956D46DE8}") = "Infrastructure", "Infrastructure", "{8515E7DD-826E-41C6-8760-7A7E288539F0}"
EndProject
Project("{2150E333-8FDC-42A3-9474-1A3956D46DE8}") = "Application", "Application", "{E52CEA09-6786-432C-8FDA-29BCB424B569}"
EndProject
Project("{2150E333-8FDC-42A3-9474-1A3956D46DE8}") = "Api", "Api", "{93AF84A8-89F6-4886-93C1-7B1925562E04}"
EndProject
Project("{2150E333-8FDC-42A3-9474-1A3956D46DE8}") = "Domain", "Domain", "{FE41B68D-5C6D-4251-9740-47DBD4797112}"
EndProject
Project("{2150E333-8FDC-42A3-9474-1A3956D46DE8}") = "Infrastructure", "Infrastructure", "{1A080181-51C1-440B-A8DE-0A8E7595DAF3}"
EndProject
Project("{2150E333-8FDC-42A3-9474-1A3956D46DE8}") = "Application", "Application", "{13163195-1066-4DAB-91F0-769DA8D4DB69}"
EndProject
Project("{2150E333-8FDC-42A3-9474-1A3956D46DE8}") = "Api", "Api", "{C6A24F45-9C9C-4DF7-A04F-E17AE3671D9B}"
EndProject
Project("{2150E333-8FDC-42A3-9474-1A3956D46DE8}") = "Domain", "Domain", "{F31FAD58-66CE-459F-9F43-43577F1207B7}"
EndProject
Project("{2150E333-8FDC-42A3-9474-1A3956D46DE8}") = "Infrastructure", "Infrastructure", "{E839E053-0D56-4DFD-8C3F-8F51E7D3D253}"
EndProject
Project("{2150E333-8FDC-42A3-9474-1A3956D46DE8}") = "Application", "Application", "{8FC0C76C-430B-4B97-9D8F-41E1E602358A}"
EndProject
Project("{2150E333-8FDC-42A3-9474-1A3956D46DE8}") = "Api", "Api", "{66551BB9-B814-43F1-8672-8BC53B4E3C87}"
EndProject
Project("{2150E333-8FDC-42A3-9474-1A3956D46DE8}") = "Domain", "Domain", "{348F3EFD-A9BF-4324-B277-966ACB46248B}"
EndProject
Project("{2150E333-8FDC-42A3-9474-1A3956D46DE8}") = "Infrastructure", "Infrastructure", "{121C750F-B1E5-47BC-9129-C6545218FBEF}"
EndProject
Project("{2150E333-8FDC-42A3-9474-1A3956D46DE8}") = "Application", "Application", "{018963FB-E5D6-45AE-87B2-D54B2BCF9BC6}"
EndProject
Project("{2150E333-8FDC-42A3-9474-1A3956D46DE8}") = "Api", "Api", "{A47B5C7E-83FF-4458-847C-E5F47BE097E1}"
EndProject
Project("{9A19103F-16F7-4668-BE54-9A1E7A4F7556}") = "Basket.Domain", "src\Services\Basket\Domain\Basket.Domain\Basket.Domain.csproj", "{704F0CF4-84A9-4AA3-B92B-A5CA7D9D1FE9}"
EndProject
Project("{9A19103F-16F7-4668-BE54-9A1E7A4F7556}") = "Basket.Infrastructure", "src\Services\Basket\Infrastructure\Basket.Infrastructure\Basket.Infrastructure.csproj", "{3F1C1319-E9AC-40BA-A673-B0C0768D2F76}"
EndProject
Project("{9A19103F-16F7-4668-BE54-9A1E7A4F7556}") = "Basket.Application", "src\Services\Basket\Application\Basket.Application\Basket.Application.csproj", "{4C6F7CD3-0970-49D3-BEAF-D341D30B4181}"
EndProject
Project("{9A19103F-16F7-4668-BE54-9A1E7A4F7556}") = "Basket.Api", "src\Services\Basket\Api\Basket.Api\Basket.Api.csproj", "{EBE854F9-D1BC-486F-BB59-C3CCCFEDAD1F}"
EndProject
Project("{9A19103F-16F7-4668-BE54-9A1E7A4F7556}") = "Catalogue.Domain", "src\Services\Catalogue\Domain\Catalogue.Domain\Catalogue.Domain.csproj", "{342A1A3D-83DE-4F52-92EB-D7C746B6DC99}"
EndProject
Project("{9A19103F-16F7-4668-BE54-9A1E7A4F7556}") = "Catalogue.Infrastructure", "src\Services\Catalogue\Catalogue.Infrastructure\Catalogue.Infrastructure.csproj", "{460A4400-93B7-4374-8CAE-A09B5534C513}"
EndProject
Project("{9A19103F-16F7-4668-BE54-9A1E7A4F7556}") = "Catalogue.Application", "src\Services\Catalogue\Application\Catalogue.Application\Catalogue.Application.csproj", "{C440A110-EEF4-44E1-9601-BFB0ACDF7B7E}"
EndProject
Project("{9A19103F-16F7-4668-BE54-9A1E7A4F7556}") = "Catalogue.Api", "src\Services\Catalogue\Api\Catalogue.Api\Catalogue.Api.csproj", "{BAF53F6F-AF30-4FBB-A0B7-B2017E4F9356}"
EndProject
Project("{9A19103F-16F7-4668-BE54-9A1E7A4F7556}") = "Order.Domain", "src\Services\Order\Domain\Order.Domain\Order.Domain.csproj", "{CF9897CB-5F7F-4D92-A84F-26A77F3F126C}"
EndProject
Project("{9A19103F-16F7-4668-BE54-9A1E7A4F7556}") = "Order.Infrastructure", "src\Services\Order\Infrastructure\Order.Infrastructure\Order.Infrastructure.csproj", "{266491E4-D493-44CF-A210-1912EABB6F4C}"
EndProject
Project("{9A19103F-16F7-4668-BE54-9A1E7A4F7556}") = "Order.Application", "src\Services\Order\Application\Order.Application\Order.Application.csproj", "{BD533D85-5DB1-4E59-A5D7-9CD945A227AF}"
EndProject
Project("{9A19103F-16F7-4668-BE54-9A1E7A4F7556}") = "Order.Api", "src\Services\Order\Api\Order.Api\Order.Api.csproj", "{D75E7BC3-261A-4EDE-BBAF-23A4CB899A2B}"
EndProject
Project("{9A19103F-16F7-4668-BE54-9A1E7A4F7556}") = "Security.Domain", "src\Services\Security\Domain\Security.Domain\Security.Domain.csproj", "{4F524DB1-8E3A-41C2-9A88-2CA74CB19EE1}"
EndProject
Project("{9A19103F-16F7-4668-BE54-9A1E7A4F7556}") = "Security.Infrastructure", "src\Services\Security\Infrastructure\Security.Infrastructure\Security.Infrastructure.csproj", "{E4B0F096-4282-4876-BB7A-BAFC5D128538}"
EndProject
Project("{9A19103F-16F7-4668-BE54-9A1E7A4F7556}") = "Security.Application", "src\Services\Security\Application\Security.Application\Security.Application.csproj", "{B4283EE5-1EC2-4E06-BEDF-6BF81F01779F}"
EndProject
Project("{9A19103F-16F7-4668-BE54-9A1E7A4F7556}") = "Security.Api", "src\Services\Security\Api\Security.Api\Security.Api.csproj", "{D8FC160F-9F8A-4136-93D7-FE43A38FFA93}"
EndProject
Project("{E53339B2-1760-4266-BCC7-CA923CBCF16C}") = "docker-compose", "docker-compose.dcproj", "{9F6570E3-64C6-4111-93C5-FD106C4EF7CE}"
EndProject
Project("{2150E333-8FDC-42A3-9474-1A3956D46DE8}") = "BuildingBlocks", "BuildingBlocks", "{2BC43BC7-D686-45A1-BA53-B86963C4B7DB}"
EndProject
Project("{FAE04EC0-301F-11D3-BF4B-00C04F79EFBC}") = "EventBus.Messages", "..\src\BuildingBlocks\EventBus.Messages\EventBus.Messages.csproj", "{D88A32AB-8F6C-4F04-806F-41192DF6B8B7}"
EndProject
Global
	GlobalSection(SolutionConfigurationPlatforms) = preSolution
		Debug|Any CPU = Debug|Any CPU
		Release|Any CPU = Release|Any CPU
	EndGlobalSection
	GlobalSection(ProjectConfigurationPlatforms) = postSolution
		{704F0CF4-84A9-4AA3-B92B-A5CA7D9D1FE9}.Debug|Any CPU.ActiveCfg = Debug|Any CPU
		{704F0CF4-84A9-4AA3-B92B-A5CA7D9D1FE9}.Debug|Any CPU.Build.0 = Debug|Any CPU
		{704F0CF4-84A9-4AA3-B92B-A5CA7D9D1FE9}.Release|Any CPU.ActiveCfg = Release|Any CPU
		{704F0CF4-84A9-4AA3-B92B-A5CA7D9D1FE9}.Release|Any CPU.Build.0 = Release|Any CPU
		{3F1C1319-E9AC-40BA-A673-B0C0768D2F76}.Debug|Any CPU.ActiveCfg = Debug|Any CPU
		{3F1C1319-E9AC-40BA-A673-B0C0768D2F76}.Debug|Any CPU.Build.0 = Debug|Any CPU
		{3F1C1319-E9AC-40BA-A673-B0C0768D2F76}.Release|Any CPU.ActiveCfg = Release|Any CPU
		{3F1C1319-E9AC-40BA-A673-B0C0768D2F76}.Release|Any CPU.Build.0 = Release|Any CPU
		{4C6F7CD3-0970-49D3-BEAF-D341D30B4181}.Debug|Any CPU.ActiveCfg = Debug|Any CPU
		{4C6F7CD3-0970-49D3-BEAF-D341D30B4181}.Debug|Any CPU.Build.0 = Debug|Any CPU
		{4C6F7CD3-0970-49D3-BEAF-D341D30B4181}.Release|Any CPU.ActiveCfg = Release|Any CPU
		{4C6F7CD3-0970-49D3-BEAF-D341D30B4181}.Release|Any CPU.Build.0 = Release|Any CPU
		{EBE854F9-D1BC-486F-BB59-C3CCCFEDAD1F}.Debug|Any CPU.ActiveCfg = Debug|Any CPU
		{EBE854F9-D1BC-486F-BB59-C3CCCFEDAD1F}.Debug|Any CPU.Build.0 = Debug|Any CPU
		{EBE854F9-D1BC-486F-BB59-C3CCCFEDAD1F}.Release|Any CPU.ActiveCfg = Release|Any CPU
		{EBE854F9-D1BC-486F-BB59-C3CCCFEDAD1F}.Release|Any CPU.Build.0 = Release|Any CPU
		{342A1A3D-83DE-4F52-92EB-D7C746B6DC99}.Debug|Any CPU.ActiveCfg = Debug|Any CPU
		{342A1A3D-83DE-4F52-92EB-D7C746B6DC99}.Debug|Any CPU.Build.0 = Debug|Any CPU
		{342A1A3D-83DE-4F52-92EB-D7C746B6DC99}.Release|Any CPU.ActiveCfg = Release|Any CPU
		{342A1A3D-83DE-4F52-92EB-D7C746B6DC99}.Release|Any CPU.Build.0 = Release|Any CPU
		{460A4400-93B7-4374-8CAE-A09B5534C513}.Debug|Any CPU.ActiveCfg = Debug|Any CPU
		{460A4400-93B7-4374-8CAE-A09B5534C513}.Debug|Any CPU.Build.0 = Debug|Any CPU
		{460A4400-93B7-4374-8CAE-A09B5534C513}.Release|Any CPU.ActiveCfg = Release|Any CPU
		{460A4400-93B7-4374-8CAE-A09B5534C513}.Release|Any CPU.Build.0 = Release|Any CPU
		{C440A110-EEF4-44E1-9601-BFB0ACDF7B7E}.Debug|Any CPU.ActiveCfg = Debug|Any CPU
		{C440A110-EEF4-44E1-9601-BFB0ACDF7B7E}.Debug|Any CPU.Build.0 = Debug|Any CPU
		{C440A110-EEF4-44E1-9601-BFB0ACDF7B7E}.Release|Any CPU.ActiveCfg = Release|Any CPU
		{C440A110-EEF4-44E1-9601-BFB0ACDF7B7E}.Release|Any CPU.Build.0 = Release|Any CPU
		{BAF53F6F-AF30-4FBB-A0B7-B2017E4F9356}.Debug|Any CPU.ActiveCfg = Debug|Any CPU
		{BAF53F6F-AF30-4FBB-A0B7-B2017E4F9356}.Debug|Any CPU.Build.0 = Debug|Any CPU
		{BAF53F6F-AF30-4FBB-A0B7-B2017E4F9356}.Release|Any CPU.ActiveCfg = Release|Any CPU
		{BAF53F6F-AF30-4FBB-A0B7-B2017E4F9356}.Release|Any CPU.Build.0 = Release|Any CPU
		{CF9897CB-5F7F-4D92-A84F-26A77F3F126C}.Debug|Any CPU.ActiveCfg = Debug|Any CPU
		{CF9897CB-5F7F-4D92-A84F-26A77F3F126C}.Debug|Any CPU.Build.0 = Debug|Any CPU
		{CF9897CB-5F7F-4D92-A84F-26A77F3F126C}.Release|Any CPU.ActiveCfg = Release|Any CPU
		{CF9897CB-5F7F-4D92-A84F-26A77F3F126C}.Release|Any CPU.Build.0 = Release|Any CPU
		{266491E4-D493-44CF-A210-1912EABB6F4C}.Debug|Any CPU.ActiveCfg = Debug|Any CPU
		{266491E4-D493-44CF-A210-1912EABB6F4C}.Debug|Any CPU.Build.0 = Debug|Any CPU
		{266491E4-D493-44CF-A210-1912EABB6F4C}.Release|Any CPU.ActiveCfg = Release|Any CPU
		{266491E4-D493-44CF-A210-1912EABB6F4C}.Release|Any CPU.Build.0 = Release|Any CPU
		{BD533D85-5DB1-4E59-A5D7-9CD945A227AF}.Debug|Any CPU.ActiveCfg = Debug|Any CPU
		{BD533D85-5DB1-4E59-A5D7-9CD945A227AF}.Debug|Any CPU.Build.0 = Debug|Any CPU
		{BD533D85-5DB1-4E59-A5D7-9CD945A227AF}.Release|Any CPU.ActiveCfg = Release|Any CPU
		{BD533D85-5DB1-4E59-A5D7-9CD945A227AF}.Release|Any CPU.Build.0 = Release|Any CPU
		{D75E7BC3-261A-4EDE-BBAF-23A4CB899A2B}.Debug|Any CPU.ActiveCfg = Debug|Any CPU
		{D75E7BC3-261A-4EDE-BBAF-23A4CB899A2B}.Debug|Any CPU.Build.0 = Debug|Any CPU
		{D75E7BC3-261A-4EDE-BBAF-23A4CB899A2B}.Release|Any CPU.ActiveCfg = Release|Any CPU
		{D75E7BC3-261A-4EDE-BBAF-23A4CB899A2B}.Release|Any CPU.Build.0 = Release|Any CPU
		{4F524DB1-8E3A-41C2-9A88-2CA74CB19EE1}.Debug|Any CPU.ActiveCfg = Debug|Any CPU
		{4F524DB1-8E3A-41C2-9A88-2CA74CB19EE1}.Debug|Any CPU.Build.0 = Debug|Any CPU
		{4F524DB1-8E3A-41C2-9A88-2CA74CB19EE1}.Release|Any CPU.ActiveCfg = Release|Any CPU
		{4F524DB1-8E3A-41C2-9A88-2CA74CB19EE1}.Release|Any CPU.Build.0 = Release|Any CPU
		{E4B0F096-4282-4876-BB7A-BAFC5D128538}.Debug|Any CPU.ActiveCfg = Debug|Any CPU
		{E4B0F096-4282-4876-BB7A-BAFC5D128538}.Debug|Any CPU.Build.0 = Debug|Any CPU
		{E4B0F096-4282-4876-BB7A-BAFC5D128538}.Release|Any CPU.ActiveCfg = Release|Any CPU
		{E4B0F096-4282-4876-BB7A-BAFC5D128538}.Release|Any CPU.Build.0 = Release|Any CPU
		{B4283EE5-1EC2-4E06-BEDF-6BF81F01779F}.Debug|Any CPU.ActiveCfg = Debug|Any CPU
		{B4283EE5-1EC2-4E06-BEDF-6BF81F01779F}.Debug|Any CPU.Build.0 = Debug|Any CPU
		{B4283EE5-1EC2-4E06-BEDF-6BF81F01779F}.Release|Any CPU.ActiveCfg = Release|Any CPU
		{B4283EE5-1EC2-4E06-BEDF-6BF81F01779F}.Release|Any CPU.Build.0 = Release|Any CPU
		{D8FC160F-9F8A-4136-93D7-FE43A38FFA93}.Debug|Any CPU.ActiveCfg = Debug|Any CPU
		{D8FC160F-9F8A-4136-93D7-FE43A38FFA93}.Debug|Any CPU.Build.0 = Debug|Any CPU
		{D8FC160F-9F8A-4136-93D7-FE43A38FFA93}.Release|Any CPU.ActiveCfg = Release|Any CPU
		{D8FC160F-9F8A-4136-93D7-FE43A38FFA93}.Release|Any CPU.Build.0 = Release|Any CPU
		{9F6570E3-64C6-4111-93C5-FD106C4EF7CE}.Debug|Any CPU.ActiveCfg = Debug|Any CPU
		{9F6570E3-64C6-4111-93C5-FD106C4EF7CE}.Debug|Any CPU.Build.0 = Debug|Any CPU
		{9F6570E3-64C6-4111-93C5-FD106C4EF7CE}.Release|Any CPU.ActiveCfg = Release|Any CPU
		{9F6570E3-64C6-4111-93C5-FD106C4EF7CE}.Release|Any CPU.Build.0 = Release|Any CPU
		{D88A32AB-8F6C-4F04-806F-41192DF6B8B7}.Debug|Any CPU.ActiveCfg = Debug|Any CPU
		{D88A32AB-8F6C-4F04-806F-41192DF6B8B7}.Debug|Any CPU.Build.0 = Debug|Any CPU
		{D88A32AB-8F6C-4F04-806F-41192DF6B8B7}.Release|Any CPU.ActiveCfg = Release|Any CPU
		{D88A32AB-8F6C-4F04-806F-41192DF6B8B7}.Release|Any CPU.Build.0 = Release|Any CPU
	EndGlobalSection
	GlobalSection(SolutionProperties) = preSolution
		HideSolutionNode = FALSE
	EndGlobalSection
	GlobalSection(NestedProjects) = preSolution
		{B3C7DFD5-62A6-40E9-A267-078AC8B25035} = {74714AE7-173A-4C25-9198-919A9E45C3C4}
		{545EFA5B-7363-4621-A46C-0AB2210027F6} = {B3C7DFD5-62A6-40E9-A267-078AC8B25035}
		{6E842377-2502-42EC-B9DF-D9E11C868DC3} = {B3C7DFD5-62A6-40E9-A267-078AC8B25035}
		{E96DD423-4C45-4540-91FD-97ED1584B720} = {B3C7DFD5-62A6-40E9-A267-078AC8B25035}
		{BC12CFC3-CAA3-462D-8167-E4138CB7C147} = {B3C7DFD5-62A6-40E9-A267-078AC8B25035}
		{2D198B63-8BAA-441F-A284-6561288A3499} = {545EFA5B-7363-4621-A46C-0AB2210027F6}
		{8515E7DD-826E-41C6-8760-7A7E288539F0} = {545EFA5B-7363-4621-A46C-0AB2210027F6}
		{E52CEA09-6786-432C-8FDA-29BCB424B569} = {545EFA5B-7363-4621-A46C-0AB2210027F6}
		{93AF84A8-89F6-4886-93C1-7B1925562E04} = {545EFA5B-7363-4621-A46C-0AB2210027F6}
		{FE41B68D-5C6D-4251-9740-47DBD4797112} = {BC12CFC3-CAA3-462D-8167-E4138CB7C147}
		{1A080181-51C1-440B-A8DE-0A8E7595DAF3} = {BC12CFC3-CAA3-462D-8167-E4138CB7C147}
		{13163195-1066-4DAB-91F0-769DA8D4DB69} = {BC12CFC3-CAA3-462D-8167-E4138CB7C147}
		{C6A24F45-9C9C-4DF7-A04F-E17AE3671D9B} = {BC12CFC3-CAA3-462D-8167-E4138CB7C147}
		{F31FAD58-66CE-459F-9F43-43577F1207B7} = {6E842377-2502-42EC-B9DF-D9E11C868DC3}
		{E839E053-0D56-4DFD-8C3F-8F51E7D3D253} = {6E842377-2502-42EC-B9DF-D9E11C868DC3}
		{8FC0C76C-430B-4B97-9D8F-41E1E602358A} = {6E842377-2502-42EC-B9DF-D9E11C868DC3}
		{66551BB9-B814-43F1-8672-8BC53B4E3C87} = {6E842377-2502-42EC-B9DF-D9E11C868DC3}
		{348F3EFD-A9BF-4324-B277-966ACB46248B} = {E96DD423-4C45-4540-91FD-97ED1584B720}
		{121C750F-B1E5-47BC-9129-C6545218FBEF} = {E96DD423-4C45-4540-91FD-97ED1584B720}
		{018963FB-E5D6-45AE-87B2-D54B2BCF9BC6} = {E96DD423-4C45-4540-91FD-97ED1584B720}
		{A47B5C7E-83FF-4458-847C-E5F47BE097E1} = {E96DD423-4C45-4540-91FD-97ED1584B720}
		{704F0CF4-84A9-4AA3-B92B-A5CA7D9D1FE9} = {348F3EFD-A9BF-4324-B277-966ACB46248B}
		{3F1C1319-E9AC-40BA-A673-B0C0768D2F76} = {121C750F-B1E5-47BC-9129-C6545218FBEF}
		{4C6F7CD3-0970-49D3-BEAF-D341D30B4181} = {018963FB-E5D6-45AE-87B2-D54B2BCF9BC6}
		{EBE854F9-D1BC-486F-BB59-C3CCCFEDAD1F} = {A47B5C7E-83FF-4458-847C-E5F47BE097E1}
		{342A1A3D-83DE-4F52-92EB-D7C746B6DC99} = {F31FAD58-66CE-459F-9F43-43577F1207B7}
		{460A4400-93B7-4374-8CAE-A09B5534C513} = {E839E053-0D56-4DFD-8C3F-8F51E7D3D253}
		{C440A110-EEF4-44E1-9601-BFB0ACDF7B7E} = {8FC0C76C-430B-4B97-9D8F-41E1E602358A}
		{BAF53F6F-AF30-4FBB-A0B7-B2017E4F9356} = {66551BB9-B814-43F1-8672-8BC53B4E3C87}
		{CF9897CB-5F7F-4D92-A84F-26A77F3F126C} = {FE41B68D-5C6D-4251-9740-47DBD4797112}
		{266491E4-D493-44CF-A210-1912EABB6F4C} = {1A080181-51C1-440B-A8DE-0A8E7595DAF3}
		{BD533D85-5DB1-4E59-A5D7-9CD945A227AF} = {13163195-1066-4DAB-91F0-769DA8D4DB69}
		{D75E7BC3-261A-4EDE-BBAF-23A4CB899A2B} = {C6A24F45-9C9C-4DF7-A04F-E17AE3671D9B}
		{4F524DB1-8E3A-41C2-9A88-2CA74CB19EE1} = {2D198B63-8BAA-441F-A284-6561288A3499}
		{E4B0F096-4282-4876-BB7A-BAFC5D128538} = {8515E7DD-826E-41C6-8760-7A7E288539F0}
		{B4283EE5-1EC2-4E06-BEDF-6BF81F01779F} = {E52CEA09-6786-432C-8FDA-29BCB424B569}
		{D8FC160F-9F8A-4136-93D7-FE43A38FFA93} = {93AF84A8-89F6-4886-93C1-7B1925562E04}
		{2BC43BC7-D686-45A1-BA53-B86963C4B7DB} = {74714AE7-173A-4C25-9198-919A9E45C3C4}
		{D88A32AB-8F6C-4F04-806F-41192DF6B8B7} = {2BC43BC7-D686-45A1-BA53-B86963C4B7DB}
	EndGlobalSection
	GlobalSection(ExtensibilityGlobals) = postSolution
		SolutionGuid = {1510D114-9143-4C29-AD3B-8F3978BF0ABC}
	EndGlobalSection
EndGlobal
